
Microsoft Visual Studio Solution File, Format Version 12.00
# Visual Studio 15
VisualStudioVersion = 15.0.28010.2041
MinimumVisualStudioVersion = 10.0.40219.1
Project("{FAE04EC0-301F-11D3-BF4B-00C04F79EFBC}") = "HoraExtra.Test", "HoraExtra.Test\HoraExtra.Test.csproj", "{D5CC895B-0476-4E82-A3D5-ED3FFD406936}"
EndProject
Project("{FAE04EC0-301F-11D3-BF4B-00C04F79EFBC}") = "HoraExtra.Application", "HoraExtra.Application\HoraExtra.Application.csproj", "{189BC6AE-60E3-4341-BA9B-113D3D4A37CF}"
EndProject
Global
	GlobalSection(SolutionConfigurationPlatforms) = preSolution
		Debug|Any CPU = Debug|Any CPU
		Release|Any CPU = Release|Any CPU
	EndGlobalSection
	GlobalSection(ProjectConfigurationPlatforms) = postSolution
		{D5CC895B-0476-4E82-A3D5-ED3FFD406936}.Debug|Any CPU.ActiveCfg = Debug|Any CPU
		{D5CC895B-0476-4E82-A3D5-ED3FFD406936}.Debug|Any CPU.Build.0 = Debug|Any CPU
		{D5CC895B-0476-4E82-A3D5-ED3FFD406936}.Release|Any CPU.ActiveCfg = Release|Any CPU
		{D5CC895B-0476-4E82-A3D5-ED3FFD406936}.Release|Any CPU.Build.0 = Release|Any CPU
		{189BC6AE-60E3-4341-BA9B-113D3D4A37CF}.Debug|Any CPU.ActiveCfg = Debug|Any CPU
		{189BC6AE-60E3-4341-BA9B-113D3D4A37CF}.Debug|Any CPU.Build.0 = Debug|Any CPU
		{189BC6AE-60E3-4341-BA9B-113D3D4A37CF}.Release|Any CPU.ActiveCfg = Release|Any CPU
		{189BC6AE-60E3-4341-BA9B-113D3D4A37CF}.Release|Any CPU.Build.0 = Release|Any CPU
	EndGlobalSection
	GlobalSection(SolutionProperties) = preSolution
		HideSolutionNode = FALSE
	EndGlobalSection
	GlobalSection(ExtensibilityGlobals) = postSolution
		SolutionGuid = {59A55129-CA75-4A49-A9A7-6CE138FD0938}
	EndGlobalSection
EndGlobal
